
Microsoft Visual Studio Solution File, Format Version 12.00
# Visual Studio Version 17
VisualStudioVersion = 17.7.34031.279
MinimumVisualStudioVersion = 10.0.40219.1
Project("{FAE04EC0-301F-11D3-BF4B-00C04F79EFBC}") = "TheFirm", "TheFirm.csproj", "{9ED2ED8B-0826-4E4F-BF78-2B253012199F}"
EndProject
Global
	GlobalSection(SolutionConfigurationPlatforms) = preSolution
		Debug|Any CPU = Debug|Any CPU
		Release|Any CPU = Release|Any CPU
	EndGlobalSection
	GlobalSection(ProjectConfigurationPlatforms) = postSolution
		{9ED2ED8B-0826-4E4F-BF78-2B253012199F}.Debug|Any CPU.ActiveCfg = Debug|Any CPU
		{9ED2ED8B-0826-4E4F-BF78-2B253012199F}.Debug|Any CPU.Build.0 = Debug|Any CPU
		{9ED2ED8B-0826-4E4F-BF78-2B253012199F}.Release|Any CPU.ActiveCfg = Release|Any CPU
		{9ED2ED8B-0826-4E4F-BF78-2B253012199F}.Release|Any CPU.Build.0 = Release|Any CPU
	EndGlobalSection
	GlobalSection(SolutionProperties) = preSolution
		HideSolutionNode = FALSE
	EndGlobalSection
	GlobalSection(ExtensibilityGlobals) = postSolution
		SolutionGuid = {561D73F0-F9FA-40A0-B4E0-9C76098C0E96}
	EndGlobalSection
EndGlobal
